
Microsoft Visual Studio Solution File, Format Version 12.00
# Visual Studio Version 17
VisualStudioVersion = 17.9.34616.47
MinimumVisualStudioVersion = 10.0.40219.1
Project("{FAE04EC0-301F-11D3-BF4B-00C04F79EFBC}") = "AnimeX Project", "AnimeX Project.csproj", "{9F3EA6A0-238A-4FF1-BFA8-F57864231868}"
EndProject
Global
	GlobalSection(SolutionConfigurationPlatforms) = preSolution
		Debug|Any CPU = Debug|Any CPU
		Release|Any CPU = Release|Any CPU
	EndGlobalSection
	GlobalSection(ProjectConfigurationPlatforms) = postSolution
		{9F3EA6A0-238A-4FF1-BFA8-F57864231868}.Debug|Any CPU.ActiveCfg = Debug|Any CPU
		{9F3EA6A0-238A-4FF1-BFA8-F57864231868}.Debug|Any CPU.Build.0 = Debug|Any CPU
		{9F3EA6A0-238A-4FF1-BFA8-F57864231868}.Release|Any CPU.ActiveCfg = Release|Any CPU
		{9F3EA6A0-238A-4FF1-BFA8-F57864231868}.Release|Any CPU.Build.0 = Release|Any CPU
	EndGlobalSection
	GlobalSection(SolutionProperties) = preSolution
		HideSolutionNode = FALSE
	EndGlobalSection
	GlobalSection(ExtensibilityGlobals) = postSolution
		SolutionGuid = {F7711540-3F6B-4EC0-A172-04DA737C99A3}
	EndGlobalSection
EndGlobal
